{
    "_meta": {
        "hash": {
            "sha256": "997c694c9c839671342cff05333af0fc0371aeaddba33c8ee4db7c3d89239140"
        },
        "pipfile-spec": 6,
        "requires": {},
        "sources": [
            {
                "name": "pypi",
                "url": "https://pypi.org/simple",
                "verify_ssl": true
            }
        ]
    },
    "default": {
        "acme": {
            "hashes": [
                "sha256:05434e486a0e0958e197bd5eb28a07d87d930e0045bf00a190cf645d253a0dd9",
                "sha256:076a1fd34ff62964202b0565a26bc5dda2a3cbc4ebd1950943143aff1eb057e8"
            ],
            "markers": "python_version >= '3.6'",
            "version": "==1.22.0"
        },
        "aiohttp": {
            "hashes": [
                "sha256:14821eb8613bfab9118be3c55afc87bf4cef97689896fa0874c6877b117afbeb",
                "sha256:3a4cdb9ca87c099d8ba5eb91cb8f000b60c21f8c1b50c75e04e8777e903bd278",
                "sha256:44c9cf24e63576244c13265ef0786b56d6751f5fb722225ecc021d6ecf91b4d2",
                "sha256:46ace48789865a89992419205024ae451d577876f9919fbb0f22f71189822dea",
                "sha256:528b0b811b6260a79222b055664b82093d01f35fe5c82521d8659cb2b28b8044",
                "sha256:5436ca0ed752bb05a399fc07dc86dc23c756db523a3b7d5da46a457eacf4c4b5",
                "sha256:5a952d4af7de5f78dfb3206dbc352717890b37d447f0bbd4b5969b3c8bb713af",
                "sha256:6b8c5a00432b8a5a083792006e8fdfb558b8b10019ce254200855264d3a25895",
                "sha256:756fc336a29c551b02252685f01bc87116bc9b04bbd02c1a6b8a96b3c6ad713b",
                "sha256:7ac6378ae364d8e5e5260c7224ea4a1965cb6f4719f15d0552349d0b0cc93953",
                "sha256:7b407c22b0ab473ffe0a7d3231f2084a8ae80fdb64a31842b88d57d6b7bdab7c",
                "sha256:82a9068d9cb15eb2d99ecf39f8d56b4ed9f931a77a3622a0de747465fd2a7b96",
                "sha256:834f687b806fbf49cb135b5a208b5c27338e19c219d6e09e9049936e01e8bea8",
                "sha256:8adda6583ba438a4c70693374e10b60168663ffa6564c5c75d3c7a9055290964",
                "sha256:8f32a4e157bad9c60ebc38c3bb93fcc907a020b017ddf8f7ab1580390e21940e",
                "sha256:a8c12f3184c7cad8f66cae6c945d2c97e598b0cb7afd655a5b9471475e67f30e",
                "sha256:b25c7720c495048ed658086a29925ab485ac7ececf1b346f2b459e5431d85016",
                "sha256:c77e29243a79e376a1b51d71a13df4a61bc54fd4d9597ce3790b8d82ec6eb44d",
                "sha256:cf790e61c2af0278f39dcedad9a22532bf81fb029c2cd73b1ceba7bea062c908",
                "sha256:ef1a36a16e72b6689ce0a6c7fc6bd88837d8fef4590b16bd72817644ae1f414d",
                "sha256:f5e7d41d924a1d5274060c467539ee0c4f3bab318c1671ad65abd91f6b637baf",
                "sha256:f72bb19cece43483171264584bbaaf8b97717d9c0f244d1ef4a51df1cdb34085"
            ],
            "index": "pypi",
            "version": "==2.3.10"
        },
        "aioredis": {
            "hashes": [
                "sha256:84d62be729beb87118cf126c20b0e3f52d7a42bb7373dc5bcdd874f26f1f251a",
                "sha256:aee16aa5cb3f636cf8fa0e2b62d2f6abc90366e19b5c30e94a5471d834a55975"
            ],
            "index": "pypi",
            "version": "==1.2.0"
        },
        "async-timeout": {
            "hashes": [
                "sha256:2163e1640ddb52b7a8c80d0a67a08587e5d245cc9c553a74a847056bc2976b15",
                "sha256:8ca1e4fcf50d07413d66d1a5e416e42cfdf5851c981d679a09851a6853383b3c"
            ],
            "markers": "python_version >= '3.6'",
            "version": "==4.0.2"
        },
        "base36": {
            "hashes": [
                "sha256:15eec75cf938a2186349e6b6dfc7320c73c065921493be83808c68d909b15763",
                "sha256:6f221783c5499bd5fd4a1102054df9638d6232ff5ca850c21fd1efe5070c1a96"
            ],
            "index": "pypi",
            "version": "==0.1.1"
        },
        "certbot": {
            "hashes": [
                "sha256:618abf3ae17c2fc3cb99baa4bf000dd5e2d7875b7811f5ef1edf6ebd7a33945f",
                "sha256:c27712101794e3adf54f3a3067c63be5caa507a930a79865bc654b6864121c6b"
            ],
            "index": "pypi",
            "version": "==0.38.0"
        },
        "certifi": {
            "hashes": [
                "sha256:78884e7c1d4b00ce3cea67b44566851c4343c120abd683433ce934a68ea58872",
                "sha256:d62a0163eb4c2344ac042ab2bdf75399a71a2d8c7d47eac2e2ee91b9d6339569"
            ],
            "version": "==2021.10.8"
        },
        "cffi": {
            "hashes": [
                "sha256:00c878c90cb53ccfaae6b8bc18ad05d2036553e6d9d1d9dbcf323bbe83854ca3",
                "sha256:0104fb5ae2391d46a4cb082abdd5c69ea4eab79d8d44eaaf79f1b1fd806ee4c2",
                "sha256:06c48159c1abed75c2e721b1715c379fa3200c7784271b3c46df01383b593636",
                "sha256:0808014eb713677ec1292301ea4c81ad277b6cdf2fdd90fd540af98c0b101d20",
                "sha256:10dffb601ccfb65262a27233ac273d552ddc4d8ae1bf93b21c94b8511bffe728",
                "sha256:14cd121ea63ecdae71efa69c15c5543a4b5fbcd0bbe2aad864baca0063cecf27",
                "sha256:17771976e82e9f94976180f76468546834d22a7cc404b17c22df2a2c81db0c66",
                "sha256:181dee03b1170ff1969489acf1c26533710231c58f95534e3edac87fff06c443",
                "sha256:23cfe892bd5dd8941608f93348c0737e369e51c100d03718f108bf1add7bd6d0",
                "sha256:263cc3d821c4ab2213cbe8cd8b355a7f72a8324577dc865ef98487c1aeee2bc7",
                "sha256:2756c88cbb94231c7a147402476be2c4df2f6078099a6f4a480d239a8817ae39",
                "sha256:27c219baf94952ae9d50ec19651a687b826792055353d07648a5695413e0c605",
                "sha256:2a23af14f408d53d5e6cd4e3d9a24ff9e05906ad574822a10563efcef137979a",
                "sha256:31fb708d9d7c3f49a60f04cf5b119aeefe5644daba1cd2a0fe389b674fd1de37",
                "sha256:3415c89f9204ee60cd09b235810be700e993e343a408693e80ce7f6a40108029",
                "sha256:3773c4d81e6e818df2efbc7dd77325ca0dcb688116050fb2b3011218eda36139",
                "sha256:3b96a311ac60a3f6be21d2572e46ce67f09abcf4d09344c49274eb9e0bf345fc",
                "sha256:3f7d084648d77af029acb79a0ff49a0ad7e9d09057a9bf46596dac9514dc07df",
                "sha256:41d45de54cd277a7878919867c0f08b0cf817605e4eb94093e7516505d3c8d14",
                "sha256:4238e6dab5d6a8ba812de994bbb0a79bddbdf80994e4ce802b6f6f3142fcc880",
                "sha256:45db3a33139e9c8f7c09234b5784a5e33d31fd6907800b316decad50af323ff2",
                "sha256:45e8636704eacc432a206ac7345a5d3d2c62d95a507ec70d62f23cd91770482a",
                "sha256:4958391dbd6249d7ad855b9ca88fae690783a6be9e86df65865058ed81fc860e",
                "sha256:4a306fa632e8f0928956a41fa8e1d6243c71e7eb59ffbd165fc0b41e316b2474",
                "sha256:57e9ac9ccc3101fac9d6014fba037473e4358ef4e89f8e181f8951a2c0162024",
                "sha256:59888172256cac5629e60e72e86598027aca6bf01fa2465bdb676d37636573e8",
                "sha256:5e069f72d497312b24fcc02073d70cb989045d1c91cbd53979366077959933e0",
                "sha256:64d4ec9f448dfe041705426000cc13e34e6e5bb13736e9fd62e34a0b0c41566e",
                "sha256:6dc2737a3674b3e344847c8686cf29e500584ccad76204efea14f451d4cc669a",
                "sha256:74fdfdbfdc48d3f47148976f49fab3251e550a8720bebc99bf1483f5bfb5db3e",
                "sha256:75e4024375654472cc27e91cbe9eaa08567f7fbdf822638be2814ce059f58032",
                "sha256:786902fb9ba7433aae840e0ed609f45c7bcd4e225ebb9c753aa39725bb3e6ad6",
                "sha256:8b6c2ea03845c9f501ed1313e78de148cd3f6cad741a75d43a29b43da27f2e1e",
                "sha256:91d77d2a782be4274da750752bb1650a97bfd8f291022b379bb8e01c66b4e96b",
                "sha256:91ec59c33514b7c7559a6acda53bbfe1b283949c34fe7440bcf917f96ac0723e",
                "sha256:920f0d66a896c2d99f0adbb391f990a84091179542c205fa53ce5787aff87954",
                "sha256:a5263e363c27b653a90078143adb3d076c1a748ec9ecc78ea2fb916f9b861962",
                "sha256:abb9a20a72ac4e0fdb50dae135ba5e77880518e742077ced47eb1499e29a443c",
                "sha256:c2051981a968d7de9dd2d7b87bcb9c939c74a34626a6e2f8181455dd49ed69e4",
                "sha256:c21c9e3896c23007803a875460fb786118f0cdd4434359577ea25eb556e34c55",
                "sha256:c2502a1a03b6312837279c8c1bd3ebedf6c12c4228ddbad40912d671ccc8a962",
                "sha256:d4d692a89c5cf08a8557fdeb329b82e7bf609aadfaed6c0d79f5a449a3c7c023",
                "sha256:da5db4e883f1ce37f55c667e5c0de439df76ac4cb55964655906306918e7363c",
                "sha256:e7022a66d9b55e93e1a845d8c9eba2a1bebd4966cd8bfc25d9cd07d515b33fa6",
                "sha256:ef1f279350da2c586a69d32fc8733092fd32cc8ac95139a00377841f59a3f8d8",
                "sha256:f54a64f8b0c8ff0b64d18aa76675262e1700f3995182267998c31ae974fbc382",
                "sha256:f5c7150ad32ba43a07c4479f40241756145a1f03b43480e058cfd862bf5041c7",
                "sha256:f6f824dc3bce0edab5f427efcfb1d63ee75b6fcb7282900ccaf925be84efb0fc",
                "sha256:fd8a250edc26254fe5b33be00402e6d287f562b6a5b2152dec302fa15bb3e997",
                "sha256:ffaa5c925128e29efbde7301d8ecaf35c8c60ffbcd6a1ffd3a552177c8e5e796"
            ],
            "version": "==1.15.0"
        },
        "chardet": {
            "hashes": [
                "sha256:0d6f53a15db4120f2b08c94f11e7d93d2c911ee118b6b30a04ec3ee8310179fa",
                "sha256:f864054d66fd9118f2e67044ac8981a54775ec5b67aed0441892edb553d21da5"
            ],
            "markers": "python_version >= '2.7' and python_version not in '3.0, 3.1, 3.2, 3.3, 3.4'",
            "version": "==4.0.0"
        },
        "charset-normalizer": {
            "hashes": [
                "sha256:876d180e9d7432c5d1dfd4c5d26b72f099d503e8fcc0feb7532c9289be60fcbd",
                "sha256:cb957888737fc0bbcd78e3df769addb41fd1ff8cf950dc9e7ad7793f1bf44455"
            ],
            "markers": "python_version >= '3'",
            "version": "==2.0.10"
        },
        "configargparse": {
            "hashes": [
                "sha256:18f6535a2db9f6e02bd5626cc7455eac3e96b9ab3d969d366f9aafd5c5c00fe7",
                "sha256:1b0b3cbf664ab59dada57123c81eff3d9737e0d11d8cf79e3d6eb10823f1739f"
            ],
            "markers": "python_version >= '2.7' and python_version not in '3.0, 3.1, 3.2, 3.3, 3.4'",
            "version": "==1.5.3"
        },
        "configobj": {
            "hashes": [
                "sha256:a2f5650770e1c87fb335af19a9b7eb73fc05ccf22144eb68db7d00cd2bcb0902"
            ],
            "version": "==5.0.6"
        },
        "cryptography": {
            "hashes": [
                "sha256:0a817b961b46894c5ca8a66b599c745b9a3d9f822725221f0e0fe49dc043a3a3",
                "sha256:2d87cdcb378d3cfed944dac30596da1968f88fb96d7fc34fdae30a99054b2e31",
                "sha256:30ee1eb3ebe1644d1c3f183d115a8c04e4e603ed6ce8e394ed39eea4a98469ac",
                "sha256:391432971a66cfaf94b21c24ab465a4cc3e8bf4a939c1ca5c3e3a6e0abebdbcf",
                "sha256:39bdf8e70eee6b1c7b289ec6e5d84d49a6bfa11f8b8646b5b3dfe41219153316",
                "sha256:4caa4b893d8fad33cf1964d3e51842cd78ba87401ab1d2e44556826df849a8ca",
                "sha256:53e5c1dc3d7a953de055d77bef2ff607ceef7a2aac0353b5d630ab67f7423638",
                "sha256:596f3cd67e1b950bc372c33f1a28a0692080625592ea6392987dba7f09f17a94",
                "sha256:5d59a9d55027a8b88fd9fd2826c4392bd487d74bf628bb9d39beecc62a644c12",
                "sha256:6c0c021f35b421ebf5976abf2daacc47e235f8b6082d3396a2fe3ccd537ab173",
                "sha256:73bc2d3f2444bcfeac67dd130ff2ea598ea5f20b40e36d19821b4df8c9c5037b",
                "sha256:74d6c7e80609c0f4c2434b97b80c7f8fdfaa072ca4baab7e239a15d6d70ed73a",
                "sha256:7be0eec337359c155df191d6ae00a5e8bbb63933883f4f5dffc439dac5348c3f",
                "sha256:94ae132f0e40fe48f310bba63f477f14a43116f05ddb69d6fa31e93f05848ae2",
                "sha256:bb5829d027ff82aa872d76158919045a7c1e91fbf241aec32cb07956e9ebd3c9",
                "sha256:ca238ceb7ba0bdf6ce88c1b74a87bffcee5afbfa1e41e173b1ceb095b39add46",
                "sha256:ca28641954f767f9822c24e927ad894d45d5a1e501767599647259cbf030b903",
                "sha256:e0344c14c9cb89e76eb6a060e67980c9e35b3f36691e15e1b7a9e58a0a6c6dc3",
                "sha256:ebc15b1c22e55c4d5566e3ca4db8689470a0ca2babef8e3a9ee057a8b82ce4b1",
                "sha256:ec63da4e7e4a5f924b90af42eddf20b698a70e58d86a72d943857c4c6045b3ee"
            ],
            "markers": "python_version >= '3.6'",
            "version": "==36.0.1"
        },
        "distro": {
            "hashes": [
                "sha256:83f5e5a09f9c5f68f60173de572930effbcc0287bb84fdc4426cb4168c088424",
                "sha256:c8713330ab31a034623a9515663ed87696700b55f04556b97c39cd261aa70dc7"
            ],
            "version": "==1.6.0"
        },
        "dnslib": {
            "hashes": [
                "sha256:74a0ef6758c2a8b14d129fd38eb669879249ffc2ba0115e0e3716a856cb87372"
            ],
            "index": "pypi",
            "version": "==0.9.17"
        },
        "hiredis": {
            "hashes": [
                "sha256:04026461eae67fdefa1949b7332e488224eac9e8f2b5c58c98b54d29af22093e",
                "sha256:04927a4c651a0e9ec11c68e4427d917e44ff101f761cd3b5bc76f86aaa431d27",
                "sha256:07bbf9bdcb82239f319b1f09e8ef4bdfaec50ed7d7ea51a56438f39193271163",
                "sha256:09004096e953d7ebd508cded79f6b21e05dff5d7361771f59269425108e703bc",
                "sha256:0adea425b764a08270820531ec2218d0508f8ae15a448568109ffcae050fee26",
                "sha256:0b39ec237459922c6544d071cdcf92cbb5bc6685a30e7c6d985d8a3e3a75326e",
                "sha256:0d5109337e1db373a892fdcf78eb145ffb6bbd66bb51989ec36117b9f7f9b579",
                "sha256:0f41827028901814c709e744060843c77e78a3aca1e0d6875d2562372fcb405a",
                "sha256:11d119507bb54e81f375e638225a2c057dda748f2b1deef05c2b1a5d42686048",
                "sha256:1233e303645f468e399ec906b6b48ab7cd8391aae2d08daadbb5cad6ace4bd87",
                "sha256:139705ce59d94eef2ceae9fd2ad58710b02aee91e7fa0ccb485665ca0ecbec63",
                "sha256:1f03d4dadd595f7a69a75709bc81902673fa31964c75f93af74feac2f134cc54",
                "sha256:240ce6dc19835971f38caf94b5738092cb1e641f8150a9ef9251b7825506cb05",
                "sha256:294a6697dfa41a8cba4c365dd3715abc54d29a86a40ec6405d677ca853307cfb",
                "sha256:3d55e36715ff06cdc0ab62f9591607c4324297b6b6ce5b58cb9928b3defe30ea",
                "sha256:3dddf681284fe16d047d3ad37415b2e9ccdc6c8986c8062dbe51ab9a358b50a5",
                "sha256:3f5f7e3a4ab824e3de1e1700f05ad76ee465f5f11f5db61c4b297ec29e692b2e",
                "sha256:508999bec4422e646b05c95c598b64bdbef1edf0d2b715450a078ba21b385bcc",
                "sha256:5d2a48c80cf5a338d58aae3c16872f4d452345e18350143b3bf7216d33ba7b99",
                "sha256:5dc7a94bb11096bc4bffd41a3c4f2b958257085c01522aa81140c68b8bf1630a",
                "sha256:65d653df249a2f95673976e4e9dd7ce10de61cfc6e64fa7eeaa6891a9559c581",
                "sha256:7492af15f71f75ee93d2a618ca53fea8be85e7b625e323315169977fae752426",
                "sha256:7f0055f1809b911ab347a25d786deff5e10e9cf083c3c3fd2dd04e8612e8d9db",
                "sha256:807b3096205c7cec861c8803a6738e33ed86c9aae76cac0e19454245a6bbbc0a",
                "sha256:81d6d8e39695f2c37954d1011c0480ef7cf444d4e3ae24bc5e89ee5de360139a",
                "sha256:87c7c10d186f1743a8fd6a971ab6525d60abd5d5d200f31e073cd5e94d7e7a9d",
                "sha256:8b42c0dc927b8d7c0eb59f97e6e34408e53bc489f9f90e66e568f329bff3e443",
                "sha256:a00514362df15af041cc06e97aebabf2895e0a7c42c83c21894be12b84402d79",
                "sha256:a39efc3ade8c1fb27c097fd112baf09d7fd70b8cb10ef1de4da6efbe066d381d",
                "sha256:a4ee8000454ad4486fb9f28b0cab7fa1cd796fc36d639882d0b34109b5b3aec9",
                "sha256:a7928283143a401e72a4fad43ecc85b35c27ae699cf5d54d39e1e72d97460e1d",
                "sha256:adf4dd19d8875ac147bf926c727215a0faf21490b22c053db464e0bf0deb0485",
                "sha256:ae8427a5e9062ba66fc2c62fb19a72276cf12c780e8db2b0956ea909c48acff5",
                "sha256:b4c8b0bc5841e578d5fb32a16e0c305359b987b850a06964bd5a62739d688048",
                "sha256:b84f29971f0ad4adaee391c6364e6f780d5aae7e9226d41964b26b49376071d0",
                "sha256:c39c46d9e44447181cd502a35aad2bb178dbf1b1f86cf4db639d7b9614f837c6",
                "sha256:cb2126603091902767d96bcb74093bd8b14982f41809f85c9b96e519c7e1dc41",
                "sha256:dcef843f8de4e2ff5e35e96ec2a4abbdf403bd0f732ead127bd27e51f38ac298",
                "sha256:e3447d9e074abf0e3cd85aef8131e01ab93f9f0e86654db7ac8a3f73c63706ce",
                "sha256:f52010e0a44e3d8530437e7da38d11fb822acfb0d5b12e9cd5ba655509937ca0",
                "sha256:f8196f739092a78e4f6b1b2172679ed3343c39c61a3e9d722ce6fcf1dac2824a"
            ],
            "markers": "python_version >= '3.6'",
            "version": "==2.0.0"
        },
        "idna": {
            "hashes": [
                "sha256:84d9dd047ffa80596e0f246e2eab0b391788b0503584e8945f2368256d2735ff",
                "sha256:9d643ff0a55b762d5cdb124b8eaa99c66322e2157b69160bc32796e824360e6d"
            ],
            "markers": "python_version >= '3.5'",
            "version": "==3.3"
        },
        "idna-ssl": {
            "hashes": [
                "sha256:a933e3bb13da54383f9e8f35dc4f9cb9eb9b3b78c6b36f311254d6d0d92c6c7c"
            ],
            "version": "==1.1.0"
        },
        "josepy": {
            "hashes": [
                "sha256:267004a64f08c016cd54b7aaf7c323fa3ef3679fb62f4b086cd56448d0fecb25",
                "sha256:5b1805df50d0be5b06fd892d7192fedbf0e5f5191473ccf002ba429a3eb55db8"
            ],
            "markers": "python_version >= '3.6'",
            "version": "==1.12.0"
        },
        "jwcrypto": {
            "hashes": [
                "sha256:a87ac0922d09d9a65011f76d99849f1fbad3d95439c7452cebf4ab0871c2b665",
                "sha256:e6c517d8998956e531f0a1c158b2f324c29a532a9c4b677bc30b3be14d60ad4d"
            ],
            "index": "pypi",
            "version": "==0.6.0"
        },
        "mock": {
            "hashes": [
                "sha256:122fcb64ee37cfad5b3f48d7a7d51875d7031aaf3d8be7c42e2bee25044eee62",
                "sha256:7d3fbbde18228f4ff2f1f119a45cdffa458b4c0dee32eb4d2bb2f82554bac7bc"
            ],
            "markers": "python_version >= '3.6'",
            "version": "==4.0.3"
        },
        "multidict": {
            "hashes": [
                "sha256:06560fbdcf22c9387100979e65b26fba0816c162b888cb65b845d3def7a54c9b",
                "sha256:067150fad08e6f2dd91a650c7a49ba65085303fcc3decbd64a57dc13a2733031",
                "sha256:0a2cbcfbea6dc776782a444db819c8b78afe4db597211298dd8b2222f73e9cd0",
                "sha256:0dd1c93edb444b33ba2274b66f63def8a327d607c6c790772f448a53b6ea59ce",
                "sha256:0fed465af2e0eb6357ba95795d003ac0bdb546305cc2366b1fc8f0ad67cc3fda",
                "sha256:116347c63ba049c1ea56e157fa8aa6edaf5e92925c9b64f3da7769bdfa012858",
                "sha256:1b4ac3ba7a97b35a5ccf34f41b5a8642a01d1e55454b699e5e8e7a99b5a3acf5",
                "sha256:1c7976cd1c157fa7ba5456ae5d31ccdf1479680dc9b8d8aa28afabc370df42b8",
                "sha256:246145bff76cc4b19310f0ad28bd0769b940c2a49fc601b86bfd150cbd72bb22",
                "sha256:25cbd39a9029b409167aa0a20d8a17f502d43f2efebfe9e3ac019fe6796c59ac",
                "sha256:28e6d883acd8674887d7edc896b91751dc2d8e87fbdca8359591a13872799e4e",
                "sha256:2d1d55cdf706ddc62822d394d1df53573d32a7a07d4f099470d3cb9323b721b6",
                "sha256:2e77282fd1d677c313ffcaddfec236bf23f273c4fba7cdf198108f5940ae10f5",
                "sha256:32fdba7333eb2351fee2596b756d730d62b5827d5e1ab2f84e6cbb287cc67fe0",
                "sha256:35591729668a303a02b06e8dba0eb8140c4a1bfd4c4b3209a436a02a5ac1de11",
                "sha256:380b868f55f63d048a25931a1632818f90e4be71d2081c2338fcf656d299949a",
                "sha256:3822c5894c72e3b35aae9909bef66ec83e44522faf767c0ad39e0e2de11d3b55",
                "sha256:38ba256ee9b310da6a1a0f013ef4e422fca30a685bcbec86a969bd520504e341",
                "sha256:3bc3b1621b979621cee9f7b09f024ec76ec03cc365e638126a056317470bde1b",
                "sha256:3d2d7d1fff8e09d99354c04c3fd5b560fb04639fd45926b34e27cfdec678a704",
                "sha256:517d75522b7b18a3385726b54a081afd425d4f41144a5399e5abd97ccafdf36b",
                "sha256:5f79c19c6420962eb17c7e48878a03053b7ccd7b69f389d5831c0a4a7f1ac0a1",
                "sha256:5f841c4f14331fd1e36cbf3336ed7be2cb2a8f110ce40ea253e5573387db7621",
                "sha256:637c1896497ff19e1ee27c1c2c2ddaa9f2d134bbb5e0c52254361ea20486418d",
                "sha256:6ee908c070020d682e9b42c8f621e8bb10c767d04416e2ebe44e37d0f44d9ad5",
                "sha256:77f0fb7200cc7dedda7a60912f2059086e29ff67cefbc58d2506638c1a9132d7",
                "sha256:7878b61c867fb2df7a95e44b316f88d5a3742390c99dfba6c557a21b30180cac",
                "sha256:78c106b2b506b4d895ddc801ff509f941119394b89c9115580014127414e6c2d",
                "sha256:8b911d74acdc1fe2941e59b4f1a278a330e9c34c6c8ca1ee21264c51ec9b67ef",
                "sha256:93de39267c4c676c9ebb2057e98a8138bade0d806aad4d864322eee0803140a0",
                "sha256:9416cf11bcd73c861267e88aea71e9fcc35302b3943e45e1dbb4317f91a4b34f",
                "sha256:94b117e27efd8e08b4046c57461d5a114d26b40824995a2eb58372b94f9fca02",
                "sha256:9815765f9dcda04921ba467957be543423e5ec6a1136135d84f2ae092c50d87b",
                "sha256:98ec9aea6223adf46999f22e2c0ab6cf33f5914be604a404f658386a8f1fba37",
                "sha256:a37e9a68349f6abe24130846e2f1d2e38f7ddab30b81b754e5a1fde32f782b23",
                "sha256:a43616aec0f0d53c411582c451f5d3e1123a68cc7b3475d6f7d97a626f8ff90d",
                "sha256:a4771d0d0ac9d9fe9e24e33bed482a13dfc1256d008d101485fe460359476065",
                "sha256:a5635bcf1b75f0f6ef3c8a1ad07b500104a971e38d3683167b9454cb6465ac86",
                "sha256:a9acb76d5f3dd9421874923da2ed1e76041cb51b9337fd7f507edde1d86535d6",
                "sha256:ac42181292099d91217a82e3fa3ce0e0ddf3a74fd891b7c2b347a7f5aa0edded",
                "sha256:b227345e4186809d31f22087d0265655114af7cda442ecaf72246275865bebe4",
                "sha256:b61f85101ef08cbbc37846ac0e43f027f7844f3fade9b7f6dd087178caedeee7",
                "sha256:b70913cbf2e14275013be98a06ef4b412329fe7b4f83d64eb70dce8269ed1e1a",
                "sha256:b9aad49466b8d828b96b9e3630006234879c8d3e2b0a9d99219b3121bc5cdb17",
                "sha256:baf1856fab8212bf35230c019cde7c641887e3fc08cadd39d32a421a30151ea3",
                "sha256:bd6c9c50bf2ad3f0448edaa1a3b55b2e6866ef8feca5d8dbec10ec7c94371d21",
                "sha256:c1ff762e2ee126e6f1258650ac641e2b8e1f3d927a925aafcfde943b77a36d24",
                "sha256:c30ac9f562106cd9e8071c23949a067b10211917fdcb75b4718cf5775356a940",
                "sha256:c9631c642e08b9fff1c6255487e62971d8b8e821808ddd013d8ac058087591ac",
                "sha256:cdd68778f96216596218b4e8882944d24a634d984ee1a5a049b300377878fa7c",
                "sha256:ce8cacda0b679ebc25624d5de66c705bc53dcc7c6f02a7fb0f3ca5e227d80422",
                "sha256:cfde464ca4af42a629648c0b0d79b8f295cf5b695412451716531d6916461628",
                "sha256:d3def943bfd5f1c47d51fd324df1e806d8da1f8e105cc7f1c76a1daf0f7e17b0",
                "sha256:d9b668c065968c5979fe6b6fa6760bb6ab9aeb94b75b73c0a9c1acf6393ac3bf",
                "sha256:da7d57ea65744d249427793c042094c4016789eb2562576fb831870f9c878d9e",
                "sha256:dc3a866cf6c13d59a01878cd806f219340f3e82eed514485e094321f24900677",
                "sha256:df23c83398715b26ab09574217ca21e14694917a0c857e356fd39e1c64f8283f",
                "sha256:dfc924a7e946dd3c6360e50e8f750d51e3ef5395c95dc054bc9eab0f70df4f9c",
                "sha256:e4a67f1080123de76e4e97a18d10350df6a7182e243312426d508712e99988d4",
                "sha256:e5283c0a00f48e8cafcecadebfa0ed1dac8b39e295c7248c44c665c16dc1138b",
                "sha256:e58a9b5cc96e014ddf93c2227cbdeca94b56a7eb77300205d6e4001805391747",
                "sha256:e6453f3cbeb78440747096f239d282cc57a2997a16b5197c9bc839099e1633d0",
                "sha256:e6c4fa1ec16e01e292315ba76eb1d012c025b99d22896bd14a66628b245e3e01",
                "sha256:e7d81ce5744757d2f05fc41896e3b2ae0458464b14b5a2c1e87a6a9d69aefaa8",
                "sha256:ea21d4d5104b4f840b91d9dc8cbc832aba9612121eaba503e54eaab1ad140eb9",
                "sha256:ecc99bce8ee42dcad15848c7885197d26841cb24fa2ee6e89d23b8993c871c64",
                "sha256:f0bb0973f42ffcb5e3537548e0767079420aefd94ba990b61cf7bb8d47f4916d",
                "sha256:f19001e790013ed580abfde2a4465388950728861b52f0da73e8e8a9418533c0",
                "sha256:f76440e480c3b2ca7f843ff8a48dc82446b86ed4930552d736c0bac507498a52",
                "sha256:f9bef5cff994ca3026fcc90680e326d1a19df9841c5e3d224076407cc21471a1",
                "sha256:fc66d4016f6e50ed36fb39cd287a3878ffcebfa90008535c62e0e90a7ab713ae",
                "sha256:fd77c8f3cba815aa69cb97ee2b2ef385c7c12ada9c734b0f3b32e26bb88bbf1d"
            ],
            "markers": "python_version >= '3.6'",
            "version": "==5.2.0"
        },
        "parsedatetime": {
            "hashes": [
                "sha256:4cb368fbb18a0b7231f4d76119165451c8d2e35951455dfee97c62a87b04d455",
                "sha256:cb96edd7016872f58479e35879294258c71437195760746faffedb692aef000b"
            ],
            "version": "==2.6"
        },
        "pycparser": {
            "hashes": [
                "sha256:8ee45429555515e1f6b185e78100aea234072576aa43ab53aefcae078162fca9",
                "sha256:e644fdec12f7872f86c58ff790da456218b10f863970249516d60a5eaca77206"
            ],
            "version": "==2.21"
        },
        "pyopenssl": {
            "hashes": [
                "sha256:5e2d8c5e46d0d865ae933bef5230090bdaf5506281e9eec60fa250ee80600cb3",
                "sha256:8935bd4920ab9abfebb07c41a4f58296407ed77f04bd1a92914044b848ba1ed6"
            ],
            "markers": "python_version >= '2.7' and python_version not in '3.0, 3.1, 3.2, 3.3, 3.4, 3.5'",
            "version": "==21.0.0"
        },
        "pyrfc3339": {
            "hashes": [
                "sha256:67196cb83b470709c580bb4738b83165e67c6cc60e1f2e4f286cfcb402a926f4",
                "sha256:81b8cbe1519cdb79bed04910dd6fa4e181faf8c88dff1e1b987b5f7ab23a5b1a"
            ],
            "version": "==1.1"
        },
        "pytz": {
            "hashes": [
                "sha256:3672058bc3453457b622aab7a1c3bfd5ab0bdae451512f6cf25f64ed37f5b87c",
                "sha256:acad2d8b20a1af07d4e4c9d2e9285c5ed9104354062f275f3fcd88dcef4f1326"
            ],
            "version": "==2021.3"
        },
        "redis": {
            "hashes": [
                "sha256:98a22fb750c9b9bb46e75e945dc3f61d0ab30d06117cbb21ff9cd1d315fedd3b",
                "sha256:c504251769031b0dd7dd5cf786050a6050197c6de0d37778c80c08cb04ae8275"
            ],
            "index": "pypi",
            "version": "==3.3.8"
        },
        "requests": {
            "hashes": [
                "sha256:68d7c56fd5a8999887728ef304a6d12edc7be74f1cfa47714fc8b414525c9a61",
                "sha256:f22fa1e554c9ddfd16e6e41ac79759e17be9e492b3587efa038054674760e72d"
            ],
            "markers": "python_version >= '2.7' and python_version not in '3.0, 3.1, 3.2, 3.3, 3.4, 3.5'",
            "version": "==2.27.1"
        },
        "requests-toolbelt": {
            "hashes": [
                "sha256:380606e1d10dc85c3bd47bf5a6095f815ec007be7a8b69c878507068df059e6f",
                "sha256:968089d4584ad4ad7c171454f0a5c6dac23971e9472521ea3b6d49d610aa6fc0"
            ],
            "version": "==0.9.1"
        },
        "setuptools": {
            "hashes": [
                "sha256:2404879cda71495fc4d5cbc445ed52fdaddf352b36e40be8dcc63147cb4edabe",
                "sha256:68eb94073fc486091447fcb0501efd6560a0e5a1839ba249e5ff3c4c93f05f90"
            ],
            "markers": "python_version >= '3.7'",
            "version": "==60.5.0"
        },
        "six": {
            "hashes": [
                "sha256:1e61c37477a1626458e36f7b1d82aa5c9b094fa4802892072e49de9c60c4c926",
                "sha256:8abb2f1d86890a2dfb989f9a77cfcfd3e47c2a354b01111771326f8aa26e0254"
            ],
            "markers": "python_version >= '2.7' and python_version not in '3.0, 3.1, 3.2, 3.3'",
            "version": "==1.16.0"
        },
        "urllib3": {
            "hashes": [
                "sha256:000ca7f471a233c2251c6c7023ee85305721bfdf18621ebff4fd17a8653427ed",
                "sha256:0e7c33d9a63e7ddfcb86780aac87befc2fbddf46c58dbb487e0855f7ceec283c"
            ],
            "markers": "python_version >= '2.7' and python_version not in '3.0, 3.1, 3.2, 3.3, 3.4' and python_version < '4'",
            "version": "==1.26.8"
        },
        "yarl": {
            "hashes": [
                "sha256:044daf3012e43d4b3538562da94a88fb12a6490652dbc29fb19adfa02cf72eac",
                "sha256:0cba38120db72123db7c58322fa69e3c0efa933040ffb586c3a87c063ec7cae8",
                "sha256:167ab7f64e409e9bdd99333fe8c67b5574a1f0495dcfd905bc7454e766729b9e",
                "sha256:1be4bbb3d27a4e9aa5f3df2ab61e3701ce8fcbd3e9846dbce7c033a7e8136746",
                "sha256:1ca56f002eaf7998b5fcf73b2421790da9d2586331805f38acd9997743114e98",
                "sha256:1d3d5ad8ea96bd6d643d80c7b8d5977b4e2fb1bab6c9da7322616fd26203d125",
                "sha256:1eb6480ef366d75b54c68164094a6a560c247370a68c02dddb11f20c4c6d3c9d",
                "sha256:1edc172dcca3f11b38a9d5c7505c83c1913c0addc99cd28e993efeaafdfaa18d",
                "sha256:211fcd65c58bf250fb994b53bc45a442ddc9f441f6fec53e65de8cba48ded986",
                "sha256:29e0656d5497733dcddc21797da5a2ab990c0cb9719f1f969e58a4abac66234d",
                "sha256:368bcf400247318382cc150aaa632582d0780b28ee6053cd80268c7e72796dec",
                "sha256:39d5493c5ecd75c8093fa7700a2fb5c94fe28c839c8e40144b7ab7ccba6938c8",
                "sha256:3abddf0b8e41445426d29f955b24aeecc83fa1072be1be4e0d194134a7d9baee",
                "sha256:3bf8cfe8856708ede6a73907bf0501f2dc4e104085e070a41f5d88e7faf237f3",
                "sha256:3ec1d9a0d7780416e657f1e405ba35ec1ba453a4f1511eb8b9fbab81cb8b3ce1",
                "sha256:45399b46d60c253327a460e99856752009fcee5f5d3c80b2f7c0cae1c38d56dd",
                "sha256:52690eb521d690ab041c3919666bea13ab9fbff80d615ec16fa81a297131276b",
                "sha256:534b047277a9a19d858cde163aba93f3e1677d5acd92f7d10ace419d478540de",
                "sha256:580c1f15500e137a8c37053e4cbf6058944d4c114701fa59944607505c2fe3a0",
                "sha256:59218fef177296451b23214c91ea3aba7858b4ae3306dde120224cfe0f7a6ee8",
                "sha256:5ba63585a89c9885f18331a55d25fe81dc2d82b71311ff8bd378fc8004202ff6",
                "sha256:5bb7d54b8f61ba6eee541fba4b83d22b8a046b4ef4d8eb7f15a7e35db2e1e245",
                "sha256:6152224d0a1eb254f97df3997d79dadd8bb2c1a02ef283dbb34b97d4f8492d23",
                "sha256:67e94028817defe5e705079b10a8438b8cb56e7115fa01640e9c0bb3edf67332",
                "sha256:695ba021a9e04418507fa930d5f0704edbce47076bdcfeeaba1c83683e5649d1",
                "sha256:6a1a9fe17621af43e9b9fcea8bd088ba682c8192d744b386ee3c47b56eaabb2c",
                "sha256:6ab0c3274d0a846840bf6c27d2c60ba771a12e4d7586bf550eefc2df0b56b3b4",
                "sha256:6feca8b6bfb9eef6ee057628e71e1734caf520a907b6ec0d62839e8293e945c0",
                "sha256:737e401cd0c493f7e3dd4db72aca11cfe069531c9761b8ea474926936b3c57c8",
                "sha256:788713c2896f426a4e166b11f4ec538b5736294ebf7d5f654ae445fd44270832",
                "sha256:797c2c412b04403d2da075fb93c123df35239cd7b4cc4e0cd9e5839b73f52c58",
                "sha256:8300401dc88cad23f5b4e4c1226f44a5aa696436a4026e456fe0e5d2f7f486e6",
                "sha256:87f6e082bce21464857ba58b569370e7b547d239ca22248be68ea5d6b51464a1",
                "sha256:89ccbf58e6a0ab89d487c92a490cb5660d06c3a47ca08872859672f9c511fc52",
                "sha256:8b0915ee85150963a9504c10de4e4729ae700af11df0dc5550e6587ed7891e92",
                "sha256:8cce6f9fa3df25f55521fbb5c7e4a736683148bcc0c75b21863789e5185f9185",
                "sha256:95a1873b6c0dd1c437fb3bb4a4aaa699a48c218ac7ca1e74b0bee0ab16c7d60d",
                "sha256:9b4c77d92d56a4c5027572752aa35082e40c561eec776048330d2907aead891d",
                "sha256:9bfcd43c65fbb339dc7086b5315750efa42a34eefad0256ba114cd8ad3896f4b",
                "sha256:9c1f083e7e71b2dd01f7cd7434a5f88c15213194df38bc29b388ccdf1492b739",
                "sha256:a1d0894f238763717bdcfea74558c94e3bc34aeacd3351d769460c1a586a8b05",
                "sha256:a467a431a0817a292121c13cbe637348b546e6ef47ca14a790aa2fa8cc93df63",
                "sha256:aa32aaa97d8b2ed4e54dc65d241a0da1c627454950f7d7b1f95b13985afd6c5d",
                "sha256:ac10bbac36cd89eac19f4e51c032ba6b412b3892b685076f4acd2de18ca990aa",
                "sha256:ac35ccde589ab6a1870a484ed136d49a26bcd06b6a1c6397b1967ca13ceb3913",
                "sha256:bab827163113177aee910adb1f48ff7af31ee0289f434f7e22d10baf624a6dfe",
                "sha256:baf81561f2972fb895e7844882898bda1eef4b07b5b385bcd308d2098f1a767b",
                "sha256:bf19725fec28452474d9887a128e98dd67eee7b7d52e932e6949c532d820dc3b",
                "sha256:c01a89a44bb672c38f42b49cdb0ad667b116d731b3f4c896f72302ff77d71656",
                "sha256:c0910c6b6c31359d2f6184828888c983d54d09d581a4a23547a35f1d0b9484b1",
                "sha256:c10ea1e80a697cf7d80d1ed414b5cb8f1eec07d618f54637067ae3c0334133c4",
                "sha256:c1164a2eac148d85bbdd23e07dfcc930f2e633220f3eb3c3e2a25f6148c2819e",
                "sha256:c145ab54702334c42237a6c6c4cc08703b6aa9b94e2f227ceb3d477d20c36c63",
                "sha256:c17965ff3706beedafd458c452bf15bac693ecd146a60a06a214614dc097a271",
                "sha256:c19324a1c5399b602f3b6e7db9478e5b1adf5cf58901996fc973fe4fccd73eed",
                "sha256:c2a1ac41a6aa980db03d098a5531f13985edcb451bcd9d00670b03129922cd0d",
                "sha256:c6ddcd80d79c96eb19c354d9dca95291589c5954099836b7c8d29278a7ec0bda",
                "sha256:c9c6d927e098c2d360695f2e9d38870b2e92e0919be07dbe339aefa32a090265",
                "sha256:cc8b7a7254c0fc3187d43d6cb54b5032d2365efd1df0cd1749c0c4df5f0ad45f",
                "sha256:cff3ba513db55cc6a35076f32c4cdc27032bd075c9faef31fec749e64b45d26c",
                "sha256:d260d4dc495c05d6600264a197d9d6f7fc9347f21d2594926202fd08cf89a8ba",
                "sha256:d6f3d62e16c10e88d2168ba2d065aa374e3c538998ed04996cd373ff2036d64c",
                "sha256:da6df107b9ccfe52d3a48165e48d72db0eca3e3029b5b8cb4fe6ee3cb870ba8b",
                "sha256:dfe4b95b7e00c6635a72e2d00b478e8a28bfb122dc76349a06e20792eb53a523",
                "sha256:e39378894ee6ae9f555ae2de332d513a5763276a9265f8e7cbaeb1b1ee74623a",
                "sha256:ede3b46cdb719c794427dcce9d8beb4abe8b9aa1e97526cc20de9bd6583ad1ef",
                "sha256:f2a8508f7350512434e41065684076f640ecce176d262a7d54f0da41d99c5a95",
                "sha256:f44477ae29025d8ea87ec308539f95963ffdc31a82f42ca9deecf2d505242e72",
                "sha256:f64394bd7ceef1237cc604b5a89bf748c95982a84bcd3c4bbeb40f685c810794",
                "sha256:fc4dd8b01a8112809e6b636b00f487846956402834a7fd59d46d4f4267181c41",
                "sha256:fce78593346c014d0d986b7ebc80d782b7f5e19843ca798ed62f8e3ba8728576",
                "sha256:fd547ec596d90c8676e369dd8a581a21227fe9b4ad37d0dc7feb4ccf544c2d59"
            ],
            "markers": "python_version >= '3.6'",
            "version": "==1.7.2"
        },
        "zope.component": {
            "hashes": [
                "sha256:32cbe426ba8fa7b62ce5b211f80f0718a0c749cc7ff09e3f4b43a57f7ccdf5e5",
                "sha256:e955eb9f1e55d30e2d8097c8baa9ee012c356887eef3b0d43e6bfcd4868221e5"
            ],
            "markers": "python_version >= '2.7' and python_version not in '3.0, 3.1, 3.2, 3.3, 3.4'",
            "version": "==5.0.1"
        },
        "zope.event": {
            "hashes": [
                "sha256:2666401939cdaa5f4e0c08cf7f20c9b21423b95e88f4675b1443973bdb080c42",
                "sha256:5e76517f5b9b119acf37ca8819781db6c16ea433f7e2062c4afc2b6fbedb1330"
            ],
            "version": "==4.5.0"
        },
        "zope.hookable": {
            "hashes": [
                "sha256:031e7672540685dc9d07565f2b968c6e21c7899c9391da58a23e63f229a8fdcd",
                "sha256:14bac9afd00e9577227749b37dfc3b9fe4f4fb855923262fc016be47baa42712",
                "sha256:16c0748438f716894cb61f3ed00adaa65359a5abe7a12bb44d7133d4b0cd3453",
                "sha256:1da8d3386238983e97302b2cbdb510e126968e65e3cb8a8745da9744655001fc",
                "sha256:24e4489ccf0dbd4c0e9d2d8b845b46994debb30cc22f96da76e973f9cb582799",
                "sha256:3111fbc3ddae5d98655691ff81b1c71bd7ad0c3bcf2c2ef659fdc8e66f664603",
                "sha256:34a84e15f2e6a3b2e372a67f7d845a372e3f0438319f26dfe9b7cb66ab75be44",
                "sha256:35320d283a364c42dbf91694066bc1e7f07628bbd5ec87c1ae08143036e1de49",
                "sha256:43855fbab9fb949fa14b5bbcf4c471e4d359428c2196061efe0d82fe3b387101",
                "sha256:4711443b964bf7ace58780a3473f520151de8d441e57583b8d8cd8a231fb7656",
                "sha256:49427208d9f65e5aa7df5c1be4dc818c51da34e261f4e52fe944a695ae90e3b3",
                "sha256:4dbdfe522741effbb507d55354664c93c81db6db66ca124c981d1e3a41e5a31b",
                "sha256:4dc9693fa28a238f063ba169110ef4199e0f86f9f976b57824c1d742eb21ad2e",
                "sha256:64337672794b01d039e2380d11dd895ab17043530f27b5e3e0709a11fbe5b532",
                "sha256:7067a450b15c8d41d00060890573ddc06f3414e62173dac55b38f6683920c20e",
                "sha256:7091df7b4d6d897dd00e8717f0fa62b020e28aabe54a92005df22130ed204f6f",
                "sha256:7b63de104e531109f606d4e3765b82fa3364e387d63b71a02460d321e24b33c8",
                "sha256:7ef3128b5bcb97029c19df95126f57638afe6d2aca0ffede989149fa0bbd744a",
                "sha256:800f93479202b05e46ba7696a2dd5411cfdd9d87c47a7d2b6fcda5394a5f9042",
                "sha256:84dfb4f5189c8a3b70dfdf0d268840d5dce69048d4767120910f4665fa5ee2f3",
                "sha256:8cf9982d43f6a732d041cf68b08fa969e5bcf090212ab519a637c8a393015eda",
                "sha256:8fc3e6cd0486c6af48e3317c299def719b57538332a194e0b3bc6a772f4faa0e",
                "sha256:a766186b97e493928dfac4a4b6c7508e47411e78c6f3be9846e8981eb91542d4",
                "sha256:bfd1b1107a51ddfbd628c1ff884c6a67e92519b23012563b6082d438dbd16b9d",
                "sha256:cbcbf6d31092caafb40ab26d07c065bf4f60f3ba7925d23d51a4e19469034544",
                "sha256:cf27270212fa51005162d75cae83bb943c84ece7c7f8d30d68efebfad2f469d9",
                "sha256:cf7f1f973aeced06ab1a245faa71e867cec6a053b807c2aad4c1728964aac071",
                "sha256:de77a946ef020d08643647e417713ed753a2eed1f4495259c38a241c8eb31dbf",
                "sha256:e3b01e7cf16b4a3257ee05e4c354737a4f64af302846826c46a296a7944b8da9",
                "sha256:ff08276e555f2ef262fd03d872cca130e7ee376b87d7651a5595aae2fa5b2425"
            ],
            "markers": "python_version >= '2.7' and python_version not in '3.0, 3.1, 3.2, 3.3, 3.4'",
            "version": "==5.1.0"
        },
        "zope.interface": {
            "hashes": [
                "sha256:08f9636e99a9d5410181ba0729e0408d3d8748026ea938f3b970a0249daa8192",
                "sha256:0b465ae0962d49c68aa9733ba92a001b2a0933c317780435f00be7ecb959c702",
                "sha256:0cba8477e300d64a11a9789ed40ee8932b59f9ee05f85276dbb4b59acee5dd09",
                "sha256:0cee5187b60ed26d56eb2960136288ce91bcf61e2a9405660d271d1f122a69a4",
                "sha256:0ea1d73b7c9dcbc5080bb8aaffb776f1c68e807767069b9ccdd06f27a161914a",
                "sha256:0f91b5b948686659a8e28b728ff5e74b1be6bf40cb04704453617e5f1e945ef3",
                "sha256:15e7d1f7a6ee16572e21e3576d2012b2778cbacf75eb4b7400be37455f5ca8bf",
                "sha256:17776ecd3a1fdd2b2cd5373e5ef8b307162f581c693575ec62e7c5399d80794c",
                "sha256:194d0bcb1374ac3e1e023961610dc8f2c78a0f5f634d0c737691e215569e640d",
                "sha256:1c0e316c9add0db48a5b703833881351444398b04111188069a26a61cfb4df78",
                "sha256:205e40ccde0f37496904572035deea747390a8b7dc65146d30b96e2dd1359a83",
                "sha256:273f158fabc5ea33cbc936da0ab3d4ba80ede5351babc4f577d768e057651531",
                "sha256:2876246527c91e101184f63ccd1d716ec9c46519cc5f3d5375a3351c46467c46",
                "sha256:2c98384b254b37ce50eddd55db8d381a5c53b4c10ee66e1e7fe749824f894021",
                "sha256:2e5a26f16503be6c826abca904e45f1a44ff275fdb7e9d1b75c10671c26f8b94",
                "sha256:334701327f37c47fa628fc8b8d28c7d7730ce7daaf4bda1efb741679c2b087fc",
                "sha256:3748fac0d0f6a304e674955ab1365d515993b3a0a865e16a11ec9d86fb307f63",
                "sha256:3c02411a3b62668200910090a0dff17c0b25aaa36145082a5a6adf08fa281e54",
                "sha256:3dd4952748521205697bc2802e4afac5ed4b02909bb799ba1fe239f77fd4e117",
                "sha256:3f24df7124c323fceb53ff6168da70dbfbae1442b4f3da439cd441681f54fe25",
                "sha256:469e2407e0fe9880ac690a3666f03eb4c3c444411a5a5fddfdabc5d184a79f05",
                "sha256:4de4bc9b6d35c5af65b454d3e9bc98c50eb3960d5a3762c9438df57427134b8e",
                "sha256:5208ebd5152e040640518a77827bdfcc73773a15a33d6644015b763b9c9febc1",
                "sha256:52de7fc6c21b419078008f697fd4103dbc763288b1406b4562554bd47514c004",
                "sha256:5bb3489b4558e49ad2c5118137cfeaf59434f9737fa9c5deefc72d22c23822e2",
                "sha256:5dba5f530fec3f0988d83b78cc591b58c0b6eb8431a85edd1569a0539a8a5a0e",
                "sha256:5dd9ca406499444f4c8299f803d4a14edf7890ecc595c8b1c7115c2342cadc5f",
                "sha256:5f931a1c21dfa7a9c573ec1f50a31135ccce84e32507c54e1ea404894c5eb96f",
                "sha256:63b82bb63de7c821428d513607e84c6d97d58afd1fe2eb645030bdc185440120",
                "sha256:66c0061c91b3b9cf542131148ef7ecbecb2690d48d1612ec386de9d36766058f",
                "sha256:6f0c02cbb9691b7c91d5009108f975f8ffeab5dff8f26d62e21c493060eff2a1",
                "sha256:71aace0c42d53abe6fc7f726c5d3b60d90f3c5c055a447950ad6ea9cec2e37d9",
                "sha256:7d97a4306898b05404a0dcdc32d9709b7d8832c0c542b861d9a826301719794e",
                "sha256:7df1e1c05304f26faa49fa752a8c690126cf98b40b91d54e6e9cc3b7d6ffe8b7",
                "sha256:8270252effc60b9642b423189a2fe90eb6b59e87cbee54549db3f5562ff8d1b8",
                "sha256:867a5ad16892bf20e6c4ea2aab1971f45645ff3102ad29bd84c86027fa99997b",
                "sha256:877473e675fdcc113c138813a5dd440da0769a2d81f4d86614e5d62b69497155",
                "sha256:8892f89999ffd992208754851e5a052f6b5db70a1e3f7d54b17c5211e37a98c7",
                "sha256:9a9845c4c6bb56e508651f005c4aeb0404e518c6f000d5a1123ab077ab769f5c",
                "sha256:a1e6e96217a0f72e2b8629e271e1b280c6fa3fe6e59fa8f6701bec14e3354325",
                "sha256:a8156e6a7f5e2a0ff0c5b21d6bcb45145efece1909efcbbbf48c56f8da68221d",
                "sha256:a9506a7e80bcf6eacfff7f804c0ad5350c8c95b9010e4356a4b36f5322f09abb",
                "sha256:af310ec8335016b5e52cae60cda4a4f2a60a788cbb949a4fbea13d441aa5a09e",
                "sha256:b0297b1e05fd128d26cc2460c810d42e205d16d76799526dfa8c8ccd50e74959",
                "sha256:bf68f4b2b6683e52bec69273562df15af352e5ed25d1b6641e7efddc5951d1a7",
                "sha256:d0c1bc2fa9a7285719e5678584f6b92572a5b639d0e471bb8d4b650a1a910920",
                "sha256:d4d9d6c1a455d4babd320203b918ccc7fcbefe308615c521062bc2ba1aa4d26e",
                "sha256:db1fa631737dab9fa0b37f3979d8d2631e348c3b4e8325d6873c2541d0ae5a48",
                "sha256:dd93ea5c0c7f3e25335ab7d22a507b1dc43976e1345508f845efc573d3d779d8",
                "sha256:f44e517131a98f7a76696a7b21b164bcb85291cee106a23beccce454e1f433a4",
                "sha256:f7ee479e96f7ee350db1cf24afa5685a5899e2b34992fb99e1f7c1b0b758d263"
            ],
            "markers": "python_version >= '2.7' and python_version not in '3.0, 3.1, 3.2, 3.3, 3.4'",
            "version": "==5.4.0"
        }
    },
    "develop": {}
}
